// !$*UTF8*$!
{
	archiveVersion = 1;
	classes = {
	};
	objectVersion = 48;
	objects = {

/* Begin PBXBuildFile section */
		3A966BF07C7882A4A8C68986 /* Pods_TSReqKitDemo.framework in Frameworks */ = {isa = PBXBuildFile; fileRef = A392E030161ADBC7FA0C9F86 /* Pods_TSReqKitDemo.framework */; };
		6C070A0520CFB3B3002A85EB /* AppDelegate.m in Sources */ = {isa = PBXBuildFile; fileRef = 6C070A0420CFB3B3002A85EB /* AppDelegate.m */; };
		6C070A0820CFB3B3002A85EB /* ViewController.m in Sources */ = {isa = PBXBuildFile; fileRef = 6C070A0720CFB3B3002A85EB /* ViewController.m */; };
		6C070A0B20CFB3B3002A85EB /* Main.storyboard in Resources */ = {isa = PBXBuildFile; fileRef = 6C070A0920CFB3B3002A85EB /* Main.storyboard */; };
		6C070A0D20CFB3B3002A85EB /* Assets.xcassets in Resources */ = {isa = PBXBuildFile; fileRef = 6C070A0C20CFB3B3002A85EB /* Assets.xcassets */; };
		6C070A1020CFB3B3002A85EB /* LaunchScreen.storyboard in Resources */ = {isa = PBXBuildFile; fileRef = 6C070A0E20CFB3B3002A85EB /* LaunchScreen.storyboard */; };
		6C070A1320CFB3B3002A85EB /* main.m in Sources */ = {isa = PBXBuildFile; fileRef = 6C070A1220CFB3B3002A85EB /* main.m */; };
		6C070A1D20CFB3B3002A85EB /* TSReqKitDemoTests.m in Sources */ = {isa = PBXBuildFile; fileRef = 6C070A1C20CFB3B3002A85EB /* TSReqKitDemoTests.m */; };
		6C070A2820CFB3B3002A85EB /* TSReqKitDemoUITests.m in Sources */ = {isa = PBXBuildFile; fileRef = 6C070A2720CFB3B3002A85EB /* TSReqKitDemoUITests.m */; };
		6C070A7820CFB6C9002A85EB /* URLSessionManager.m in Sources */ = {isa = PBXBuildFile; fileRef = 6C070A7720CFB6C9002A85EB /* URLSessionManager.m */; };
		6C070A7A20CFC2E7002A85EB /* Podfile in Resources */ = {isa = PBXBuildFile; fileRef = 6C070A7920CFC2E7002A85EB /* Podfile */; };
		6C070A7D20CFC60F002A85EB /* TSBaseParam.m in Sources */ = {isa = PBXBuildFile; fileRef = 6C070A7C20CFC60F002A85EB /* TSBaseParam.m */; };
		6C070A8120CFC996002A85EB /* TSBaseResp.m in Sources */ = {isa = PBXBuildFile; fileRef = 6C070A8020CFC995002A85EB /* TSBaseResp.m */; };
		6C070A8420CFCDEE002A85EB /* LoginParam.m in Sources */ = {isa = PBXBuildFile; fileRef = 6C070A8320CFCDEE002A85EB /* LoginParam.m */; };
		6C070A8720CFCE72002A85EB /* LoginManager.m in Sources */ = {isa = PBXBuildFile; fileRef = 6C070A8620CFCE72002A85EB /* LoginManager.m */; };
		6C070A8C20CFCF69002A85EB /* TSUserBean.m in Sources */ = {isa = PBXBuildFile; fileRef = 6C070A8B20CFCF69002A85EB /* TSUserBean.m */; };
		6C070A8F20CFCF79002A85EB /* AccountBean.m in Sources */ = {isa = PBXBuildFile; fileRef = 6C070A8E20CFCF79002A85EB /* AccountBean.m */; };
		6C070A9220CFD020002A85EB /* AccountManager.m in Sources */ = {isa = PBXBuildFile; fileRef = 6C070A9120CFD020002A85EB /* AccountManager.m */; };
		6C4E937D20FDED2600B0BCBE /* UploadUtil.m in Sources */ = {isa = PBXBuildFile; fileRef = 6C4E937C20FDED2600B0BCBE /* UploadUtil.m */; };
		6C6FC05F20CFF4BE00CC9E91 /* LogoutParam.m in Sources */ = {isa = PBXBuildFile; fileRef = 6C6FC05E20CFF4BE00CC9E91 /* LogoutParam.m */; };
		6C6FC06220CFF6BA00CC9E91 /* TSUserManager.m in Sources */ = {isa = PBXBuildFile; fileRef = 6C6FC06120CFF6BA00CC9E91 /* TSUserManager.m */; };
		6C6FC06520CFF74600CC9E91 /* UserParam.m in Sources */ = {isa = PBXBuildFile; fileRef = 6C6FC06420CFF74600CC9E91 /* UserParam.m */; };
		6C6FC06820CFFAAE00CC9E91 /* RegParam.m in Sources */ = {isa = PBXBuildFile; fileRef = 6C6FC06720CFFAAE00CC9E91 /* RegParam.m */; };
		6CE4E88E20FC389500901F47 /* TSCacheUtil.m in Sources */ = {isa = PBXBuildFile; fileRef = 6CE4E88D20FC389500901F47 /* TSCacheUtil.m */; };
/* End PBXBuildFile section */

/* Begin PBXContainerItemProxy section */
		6C070A1920CFB3B3002A85EB /* PBXContainerItemProxy */ = {
			isa = PBXContainerItemProxy;
			containerPortal = 6C0709F820CFB3B3002A85EB /* Project object */;
			proxyType = 1;
			remoteGlobalIDString = 6C0709FF20CFB3B3002A85EB;
			remoteInfo = TSReqKitDemo;
		};
		6C070A2420CFB3B3002A85EB /* PBXContainerItemProxy */ = {
			isa = PBXContainerItemProxy;
			containerPortal = 6C0709F820CFB3B3002A85EB /* Project object */;
			proxyType = 1;
			remoteGlobalIDString = 6C0709FF20CFB3B3002A85EB;
			remoteInfo = TSReqKitDemo;
		};
/* End PBXContainerItemProxy section */

/* Begin PBXFileReference section */
		5D3BE3CCA1A7C2D5B1B5D26D /* Pods-TSReqKitDemo.release.xcconfig */ = {isa = PBXFileReference; includeInIndex = 1; lastKnownFileType = text.xcconfig; name = "Pods-TSReqKitDemo.release.xcconfig"; path = "Pods/Target Support Files/Pods-TSReqKitDemo/Pods-TSReqKitDemo.release.xcconfig"; sourceTree = "<group>"; };
		6C070A0020CFB3B3002A85EB /* TSReqKitDemo.app */ = {isa = PBXFileReference; explicitFileType = wrapper.application; includeInIndex = 0; path = TSReqKitDemo.app; sourceTree = BUILT_PRODUCTS_DIR; };
		6C070A0320CFB3B3002A85EB /* AppDelegate.h */ = {isa = PBXFileReference; lastKnownFileType = sourcecode.c.h; path = AppDelegate.h; sourceTree = "<group>"; };
		6C070A0420CFB3B3002A85EB /* AppDelegate.m */ = {isa = PBXFileReference; lastKnownFileType = sourcecode.c.objc; path = AppDelegate.m; sourceTree = "<group>"; };
		6C070A0620CFB3B3002A85EB /* ViewController.h */ = {isa = PBXFileReference; lastKnownFileType = sourcecode.c.h; path = ViewController.h; sourceTree = "<group>"; };
		6C070A0720CFB3B3002A85EB /* ViewController.m */ = {isa = PBXFileReference; lastKnownFileType = sourcecode.c.objc; path = ViewController.m; sourceTree = "<group>"; };
		6C070A0A20CFB3B3002A85EB /* Base */ = {isa = PBXFileReference; lastKnownFileType = file.storyboard; name = Base; path = Base.lproj/Main.storyboard; sourceTree = "<group>"; };
		6C070A0C20CFB3B3002A85EB /* Assets.xcassets */ = {isa = PBXFileReference; lastKnownFileType = folder.assetcatalog; path = Assets.xcassets; sourceTree = "<group>"; };
		6C070A0F20CFB3B3002A85EB /* Base */ = {isa = PBXFileReference; lastKnownFileType = file.storyboard; name = Base; path = Base.lproj/LaunchScreen.storyboard; sourceTree = "<group>"; };
		6C070A1120CFB3B3002A85EB /* Info.plist */ = {isa = PBXFileReference; lastKnownFileType = text.plist.xml; path = Info.plist; sourceTree = "<group>"; };
		6C070A1220CFB3B3002A85EB /* main.m */ = {isa = PBXFileReference; lastKnownFileType = sourcecode.c.objc; path = main.m; sourceTree = "<group>"; };
		6C070A1820CFB3B3002A85EB /* TSReqKitDemoTests.xctest */ = {isa = PBXFileReference; explicitFileType = wrapper.cfbundle; includeInIndex = 0; path = TSReqKitDemoTests.xctest; sourceTree = BUILT_PRODUCTS_DIR; };
		6C070A1C20CFB3B3002A85EB /* TSReqKitDemoTests.m */ = {isa = PBXFileReference; lastKnownFileType = sourcecode.c.objc; path = TSReqKitDemoTests.m; sourceTree = "<group>"; };
		6C070A1E20CFB3B3002A85EB /* Info.plist */ = {isa = PBXFileReference; lastKnownFileType = text.plist.xml; path = Info.plist; sourceTree = "<group>"; };
		6C070A2320CFB3B3002A85EB /* TSReqKitDemoUITests.xctest */ = {isa = PBXFileReference; explicitFileType = wrapper.cfbundle; includeInIndex = 0; path = TSReqKitDemoUITests.xctest; sourceTree = BUILT_PRODUCTS_DIR; };
		6C070A2720CFB3B3002A85EB /* TSReqKitDemoUITests.m */ = {isa = PBXFileReference; lastKnownFileType = sourcecode.c.objc; path = TSReqKitDemoUITests.m; sourceTree = "<group>"; };
		6C070A2920CFB3B3002A85EB /* Info.plist */ = {isa = PBXFileReference; lastKnownFileType = text.plist.xml; path = Info.plist; sourceTree = "<group>"; };
		6C070A7620CFB6C9002A85EB /* URLSessionManager.h */ = {isa = PBXFileReference; lastKnownFileType = sourcecode.c.h; path = URLSessionManager.h; sourceTree = "<group>"; };
		6C070A7720CFB6C9002A85EB /* URLSessionManager.m */ = {isa = PBXFileReference; lastKnownFileType = sourcecode.c.objc; path = URLSessionManager.m; sourceTree = "<group>"; };
		6C070A7920CFC2E7002A85EB /* Podfile */ = {isa = PBXFileReference; lastKnownFileType = text; path = Podfile; sourceTree = "<group>"; xcLanguageSpecificationIdentifier = xcode.lang.ruby; };
		6C070A7B20CFC60F002A85EB /* TSBaseParam.h */ = {isa = PBXFileReference; lastKnownFileType = sourcecode.c.h; path = TSBaseParam.h; sourceTree = "<group>"; };
		6C070A7C20CFC60F002A85EB /* TSBaseParam.m */ = {isa = PBXFileReference; lastKnownFileType = sourcecode.c.objc; path = TSBaseParam.m; sourceTree = "<group>"; };
		6C070A7F20CFC995002A85EB /* TSBaseResp.h */ = {isa = PBXFileReference; lastKnownFileType = sourcecode.c.h; path = TSBaseResp.h; sourceTree = "<group>"; };
		6C070A8020CFC995002A85EB /* TSBaseResp.m */ = {isa = PBXFileReference; lastKnownFileType = sourcecode.c.objc; path = TSBaseResp.m; sourceTree = "<group>"; };
		6C070A8220CFCDEE002A85EB /* LoginParam.h */ = {isa = PBXFileReference; lastKnownFileType = sourcecode.c.h; path = LoginParam.h; sourceTree = "<group>"; };
		6C070A8320CFCDEE002A85EB /* LoginParam.m */ = {isa = PBXFileReference; lastKnownFileType = sourcecode.c.objc; path = LoginParam.m; sourceTree = "<group>"; };
		6C070A8520CFCE72002A85EB /* LoginManager.h */ = {isa = PBXFileReference; lastKnownFileType = sourcecode.c.h; path = LoginManager.h; sourceTree = "<group>"; };
		6C070A8620CFCE72002A85EB /* LoginManager.m */ = {isa = PBXFileReference; lastKnownFileType = sourcecode.c.objc; path = LoginManager.m; sourceTree = "<group>"; };
		6C070A8A20CFCF69002A85EB /* TSUserBean.h */ = {isa = PBXFileReference; lastKnownFileType = sourcecode.c.h; path = TSUserBean.h; sourceTree = "<group>"; };
		6C070A8B20CFCF69002A85EB /* TSUserBean.m */ = {isa = PBXFileReference; lastKnownFileType = sourcecode.c.objc; path = TSUserBean.m; sourceTree = "<group>"; };
		6C070A8D20CFCF79002A85EB /* AccountBean.h */ = {isa = PBXFileReference; lastKnownFileType = sourcecode.c.h; path = AccountBean.h; sourceTree = "<group>"; };
		6C070A8E20CFCF79002A85EB /* AccountBean.m */ = {isa = PBXFileReference; lastKnownFileType = sourcecode.c.objc; path = AccountBean.m; sourceTree = "<group>"; };
		6C070A9020CFD020002A85EB /* AccountManager.h */ = {isa = PBXFileReference; lastKnownFileType = sourcecode.c.h; path = AccountManager.h; sourceTree = "<group>"; };
		6C070A9120CFD020002A85EB /* AccountManager.m */ = {isa = PBXFileReference; lastKnownFileType = sourcecode.c.objc; path = AccountManager.m; sourceTree = "<group>"; };
		6C4E937B20FDED2600B0BCBE /* UploadUtil.h */ = {isa = PBXFileReference; lastKnownFileType = sourcecode.c.h; path = UploadUtil.h; sourceTree = "<group>"; };
		6C4E937C20FDED2600B0BCBE /* UploadUtil.m */ = {isa = PBXFileReference; lastKnownFileType = sourcecode.c.objc; path = UploadUtil.m; sourceTree = "<group>"; };
		6C6FC05D20CFF4BE00CC9E91 /* LogoutParam.h */ = {isa = PBXFileReference; lastKnownFileType = sourcecode.c.h; path = LogoutParam.h; sourceTree = "<group>"; };
		6C6FC05E20CFF4BE00CC9E91 /* LogoutParam.m */ = {isa = PBXFileReference; lastKnownFileType = sourcecode.c.objc; path = LogoutParam.m; sourceTree = "<group>"; };
		6C6FC06020CFF6BA00CC9E91 /* TSUserManager.h */ = {isa = PBXFileReference; lastKnownFileType = sourcecode.c.h; path = TSUserManager.h; sourceTree = "<group>"; };
		6C6FC06120CFF6BA00CC9E91 /* TSUserManager.m */ = {isa = PBXFileReference; lastKnownFileType = sourcecode.c.objc; path = TSUserManager.m; sourceTree = "<group>"; };
		6C6FC06320CFF74600CC9E91 /* UserParam.h */ = {isa = PBXFileReference; lastKnownFileType = sourcecode.c.h; path = UserParam.h; sourceTree = "<group>"; };
		6C6FC06420CFF74600CC9E91 /* UserParam.m */ = {isa = PBXFileReference; lastKnownFileType = sourcecode.c.objc; path = UserParam.m; sourceTree = "<group>"; };
		6C6FC06620CFFAAE00CC9E91 /* RegParam.h */ = {isa = PBXFileReference; lastKnownFileType = sourcecode.c.h; path = RegParam.h; sourceTree = "<group>"; };
		6C6FC06720CFFAAE00CC9E91 /* RegParam.m */ = {isa = PBXFileReference; lastKnownFileType = sourcecode.c.objc; path = RegParam.m; sourceTree = "<group>"; };
		6CE4E88C20FC389500901F47 /* TSCacheUtil.h */ = {isa = PBXFileReference; lastKnownFileType = sourcecode.c.h; path = TSCacheUtil.h; sourceTree = "<group>"; };
		6CE4E88D20FC389500901F47 /* TSCacheUtil.m */ = {isa = PBXFileReference; lastKnownFileType = sourcecode.c.objc; path = TSCacheUtil.m; sourceTree = "<group>"; };
		6CE4E88F20FC3D7E00901F47 /* TSReqKit.h */ = {isa = PBXFileReference; lastKnownFileType = sourcecode.c.h; path = TSReqKit.h; sourceTree = "<group>"; };
		A392E030161ADBC7FA0C9F86 /* Pods_TSReqKitDemo.framework */ = {isa = PBXFileReference; explicitFileType = wrapper.framework; includeInIndex = 0; path = Pods_TSReqKitDemo.framework; sourceTree = BUILT_PRODUCTS_DIR; };
		BA87D20D57D044581111E36C /* Pods-TSReqKitDemo.debug.xcconfig */ = {isa = PBXFileReference; includeInIndex = 1; lastKnownFileType = text.xcconfig; name = "Pods-TSReqKitDemo.debug.xcconfig"; path = "Pods/Target Support Files/Pods-TSReqKitDemo/Pods-TSReqKitDemo.debug.xcconfig"; sourceTree = "<group>"; };
/* End PBXFileReference section */

/* Begin PBXFrameworksBuildPhase section */
		6C0709FD20CFB3B3002A85EB /* Frameworks */ = {
			isa = PBXFrameworksBuildPhase;
			buildActionMask = 2147483647;
			files = (
				3A966BF07C7882A4A8C68986 /* Pods_TSReqKitDemo.framework in Frameworks */,
			);
			runOnlyForDeploymentPostprocessing = 0;
		};
		6C070A1520CFB3B3002A85EB /* Frameworks */ = {
			isa = PBXFrameworksBuildPhase;
			buildActionMask = 2147483647;
			files = (
			);
			runOnlyForDeploymentPostprocessing = 0;
		};
		6C070A2020CFB3B3002A85EB /* Frameworks */ = {
			isa = PBXFrameworksBuildPhase;
			buildActionMask = 2147483647;
			files = (
			);
			runOnlyForDeploymentPostprocessing = 0;
		};
/* End PBXFrameworksBuildPhase section */

/* Begin PBXGroup section */
		4990D3010BB84B93D19FBA71 /* Frameworks */ = {
			isa = PBXGroup;
			children = (
				A392E030161ADBC7FA0C9F86 /* Pods_TSReqKitDemo.framework */,
			);
			name = Frameworks;
			sourceTree = "<group>";
		};
		6C0709F720CFB3B3002A85EB = {
			isa = PBXGroup;
			children = (
				6C070A7920CFC2E7002A85EB /* Podfile */,
				6C070A0220CFB3B3002A85EB /* TSReqKitDemo */,
				6C070A1B20CFB3B3002A85EB /* TSReqKitDemoTests */,
				6C070A2620CFB3B3002A85EB /* TSReqKitDemoUITests */,
				6C070A0120CFB3B3002A85EB /* Products */,
				959F4E6D584509F6BB4BBD17 /* Pods */,
				4990D3010BB84B93D19FBA71 /* Frameworks */,
			);
			sourceTree = "<group>";
		};
		6C070A0120CFB3B3002A85EB /* Products */ = {
			isa = PBXGroup;
			children = (
				6C070A0020CFB3B3002A85EB /* TSReqKitDemo.app */,
				6C070A1820CFB3B3002A85EB /* TSReqKitDemoTests.xctest */,
				6C070A2320CFB3B3002A85EB /* TSReqKitDemoUITests.xctest */,
			);
			name = Products;
			sourceTree = "<group>";
		};
		6C070A0220CFB3B3002A85EB /* TSReqKitDemo */ = {
			isa = PBXGroup;
			children = (
				6C070A7520CFB6AF002A85EB /* Code */,
				6C070A0320CFB3B3002A85EB /* AppDelegate.h */,
				6C070A0420CFB3B3002A85EB /* AppDelegate.m */,
				6C070A0620CFB3B3002A85EB /* ViewController.h */,
				6C070A0720CFB3B3002A85EB /* ViewController.m */,
				6C070A0920CFB3B3002A85EB /* Main.storyboard */,
				6C070A0C20CFB3B3002A85EB /* Assets.xcassets */,
				6C070A0E20CFB3B3002A85EB /* LaunchScreen.storyboard */,
				6C070A1120CFB3B3002A85EB /* Info.plist */,
				6C070A1220CFB3B3002A85EB /* main.m */,
			);
			path = TSReqKitDemo;
			sourceTree = "<group>";
		};
		6C070A1B20CFB3B3002A85EB /* TSReqKitDemoTests */ = {
			isa = PBXGroup;
			children = (
				6C070A1C20CFB3B3002A85EB /* TSReqKitDemoTests.m */,
				6C070A1E20CFB3B3002A85EB /* Info.plist */,
			);
			path = TSReqKitDemoTests;
			sourceTree = "<group>";
		};
		6C070A2620CFB3B3002A85EB /* TSReqKitDemoUITests */ = {
			isa = PBXGroup;
			children = (
				6C070A2720CFB3B3002A85EB /* TSReqKitDemoUITests.m */,
				6C070A2920CFB3B3002A85EB /* Info.plist */,
			);
			path = TSReqKitDemoUITests;
			sourceTree = "<group>";
		};
		6C070A7520CFB6AF002A85EB /* Code */ = {
			isa = PBXGroup;
			children = (
				6C070A7620CFB6C9002A85EB /* URLSessionManager.h */,
				6C070A7720CFB6C9002A85EB /* URLSessionManager.m */,
				6C070A7B20CFC60F002A85EB /* TSBaseParam.h */,
				6C070A7C20CFC60F002A85EB /* TSBaseParam.m */,
				6C070A7F20CFC995002A85EB /* TSBaseResp.h */,
				6C070A8020CFC995002A85EB /* TSBaseResp.m */,
				6CE4E88F20FC3D7E00901F47 /* TSReqKit.h */,
				6C4E937A20FDED1700B0BCBE /* Upload */,
				6CE4E88B20FC387F00901F47 /* CacheUtil */,
				6C070A8920CFCF5D002A85EB /* User */,
				6C070A8820CFCF56002A85EB /* Account */,
				6C070A7E20CFC987002A85EB /* Login */,
			);
			name = Code;
			path = ../../Code;
			sourceTree = "<group>";
		};
		6C070A7E20CFC987002A85EB /* Login */ = {
			isa = PBXGroup;
			children = (
				6C070A8220CFCDEE002A85EB /* LoginParam.h */,
				6C070A8320CFCDEE002A85EB /* LoginParam.m */,
				6C070A8520CFCE72002A85EB /* LoginManager.h */,
				6C070A8620CFCE72002A85EB /* LoginManager.m */,
				6C6FC05D20CFF4BE00CC9E91 /* LogoutParam.h */,
				6C6FC05E20CFF4BE00CC9E91 /* LogoutParam.m */,
				6C6FC06620CFFAAE00CC9E91 /* RegParam.h */,
				6C6FC06720CFFAAE00CC9E91 /* RegParam.m */,
			);
			path = Login;
			sourceTree = "<group>";
		};
		6C070A8820CFCF56002A85EB /* Account */ = {
			isa = PBXGroup;
			children = (
				6C070A8D20CFCF79002A85EB /* AccountBean.h */,
				6C070A8E20CFCF79002A85EB /* AccountBean.m */,
				6C070A9020CFD020002A85EB /* AccountManager.h */,
				6C070A9120CFD020002A85EB /* AccountManager.m */,
			);
			path = Account;
			sourceTree = "<group>";
		};
		6C070A8920CFCF5D002A85EB /* User */ = {
			isa = PBXGroup;
			children = (
				6C070A8A20CFCF69002A85EB /* TSUserBean.h */,
				6C070A8B20CFCF69002A85EB /* TSUserBean.m */,
				6C6FC06020CFF6BA00CC9E91 /* TSUserManager.h */,
				6C6FC06120CFF6BA00CC9E91 /* TSUserManager.m */,
				6C6FC06320CFF74600CC9E91 /* UserParam.h */,
				6C6FC06420CFF74600CC9E91 /* UserParam.m */,
			);
			path = User;
			sourceTree = "<group>";
		};
		6C4E937A20FDED1700B0BCBE /* Upload */ = {
			isa = PBXGroup;
			children = (
				6C4E937B20FDED2600B0BCBE /* UploadUtil.h */,
				6C4E937C20FDED2600B0BCBE /* UploadUtil.m */,
			);
			path = Upload;
			sourceTree = "<group>";
		};
		6CE4E88B20FC387F00901F47 /* CacheUtil */ = {
			isa = PBXGroup;
			children = (
				6CE4E88C20FC389500901F47 /* TSCacheUtil.h */,
				6CE4E88D20FC389500901F47 /* TSCacheUtil.m */,
			);
			path = CacheUtil;
			sourceTree = "<group>";
		};
		959F4E6D584509F6BB4BBD17 /* Pods */ = {
			isa = PBXGroup;
			children = (
				BA87D20D57D044581111E36C /* Pods-TSReqKitDemo.debug.xcconfig */,
				5D3BE3CCA1A7C2D5B1B5D26D /* Pods-TSReqKitDemo.release.xcconfig */,
			);
			name = Pods;
			sourceTree = "<group>";
		};
/* End PBXGroup section */

/* Begin PBXNativeTarget section */
		6C0709FF20CFB3B3002A85EB /* TSReqKitDemo */ = {
			isa = PBXNativeTarget;
			buildConfigurationList = 6C070A2C20CFB3B3002A85EB /* Build configuration list for PBXNativeTarget "TSReqKitDemo" */;
			buildPhases = (
				B634A3F925F84A310FC58683 /* [CP] Check Pods Manifest.lock */,
				6C0709FC20CFB3B3002A85EB /* Sources */,
				6C0709FD20CFB3B3002A85EB /* Frameworks */,
				6C0709FE20CFB3B3002A85EB /* Resources */,
				9E99ACFD92B9C45394FDC190 /* [CP] Embed Pods Frameworks */,
				B25F97F201891B6CCE2ABF6D /* [CP] Copy Pods Resources */,
			);
			buildRules = (
			);
			dependencies = (
			);
			name = TSReqKitDemo;
			productName = TSReqKitDemo;
			productReference = 6C070A0020CFB3B3002A85EB /* TSReqKitDemo.app */;
			productType = "com.apple.product-type.application";
		};
		6C070A1720CFB3B3002A85EB /* TSReqKitDemoTests */ = {
			isa = PBXNativeTarget;
			buildConfigurationList = 6C070A2F20CFB3B3002A85EB /* Build configuration list for PBXNativeTarget "TSReqKitDemoTests" */;
			buildPhases = (
				6C070A1420CFB3B3002A85EB /* Sources */,
				6C070A1520CFB3B3002A85EB /* Frameworks */,
				6C070A1620CFB3B3002A85EB /* Resources */,
			);
			buildRules = (
			);
			dependencies = (
				6C070A1A20CFB3B3002A85EB /* PBXTargetDependency */,
			);
			name = TSReqKitDemoTests;
			productName = TSReqKitDemoTests;
			productReference = 6C070A1820CFB3B3002A85EB /* TSReqKitDemoTests.xctest */;
			productType = "com.apple.product-type.bundle.unit-test";
		};
		6C070A2220CFB3B3002A85EB /* TSReqKitDemoUITests */ = {
			isa = PBXNativeTarget;
			buildConfigurationList = 6C070A3220CFB3B3002A85EB /* Build configuration list for PBXNativeTarget "TSReqKitDemoUITests" */;
			buildPhases = (
				6C070A1F20CFB3B3002A85EB /* Sources */,
				6C070A2020CFB3B3002A85EB /* Frameworks */,
				6C070A2120CFB3B3002A85EB /* Resources */,
			);
			buildRules = (
			);
			dependencies = (
				6C070A2520CFB3B3002A85EB /* PBXTargetDependency */,
			);
			name = TSReqKitDemoUITests;
			productName = TSReqKitDemoUITests;
			productReference = 6C070A2320CFB3B3002A85EB /* TSReqKitDemoUITests.xctest */;
			productType = "com.apple.product-type.bundle.ui-testing";
		};
/* End PBXNativeTarget section */

/* Begin PBXProject section */
		6C0709F820CFB3B3002A85EB /* Project object */ = {
			isa = PBXProject;
			attributes = {
				LastUpgradeCheck = 0920;
				ORGANIZATIONNAME = "three stone 王";
				TargetAttributes = {
					6C0709FF20CFB3B3002A85EB = {
						CreatedOnToolsVersion = 9.2;
						ProvisioningStyle = Automatic;
					};
					6C070A1720CFB3B3002A85EB = {
						CreatedOnToolsVersion = 9.2;
						ProvisioningStyle = Automatic;
						TestTargetID = 6C0709FF20CFB3B3002A85EB;
					};
					6C070A2220CFB3B3002A85EB = {
						CreatedOnToolsVersion = 9.2;
						ProvisioningStyle = Automatic;
						TestTargetID = 6C0709FF20CFB3B3002A85EB;
					};
				};
			};
			buildConfigurationList = 6C0709FB20CFB3B3002A85EB /* Build configuration list for PBXProject "TSReqKitDemo" */;
			compatibilityVersion = "Xcode 8.0";
			developmentRegion = en;
			hasScannedForEncodings = 0;
			knownRegions = (
				en,
				Base,
			);
			mainGroup = 6C0709F720CFB3B3002A85EB;
			productRefGroup = 6C070A0120CFB3B3002A85EB /* Products */;
			projectDirPath = "";
			projectRoot = "";
			targets = (
				6C0709FF20CFB3B3002A85EB /* TSReqKitDemo */,
				6C070A1720CFB3B3002A85EB /* TSReqKitDemoTests */,
				6C070A2220CFB3B3002A85EB /* TSReqKitDemoUITests */,
			);
		};
/* End PBXProject section */

/* Begin PBXResourcesBuildPhase section */
		6C0709FE20CFB3B3002A85EB /* Resources */ = {
			isa = PBXResourcesBuildPhase;
			buildActionMask = 2147483647;
			files = (
				6C070A1020CFB3B3002A85EB /* LaunchScreen.storyboard in Resources */,
				6C070A0D20CFB3B3002A85EB /* Assets.xcassets in Resources */,
				6C070A7A20CFC2E7002A85EB /* Podfile in Resources */,
				6C070A0B20CFB3B3002A85EB /* Main.storyboard in Resources */,
			);
			runOnlyForDeploymentPostprocessing = 0;
		};
		6C070A1620CFB3B3002A85EB /* Resources */ = {
			isa = PBXResourcesBuildPhase;
			buildActionMask = 2147483647;
			files = (
			);
			runOnlyForDeploymentPostprocessing = 0;
		};
		6C070A2120CFB3B3002A85EB /* Resources */ = {
			isa = PBXResourcesBuildPhase;
			buildActionMask = 2147483647;
			files = (
			);
			runOnlyForDeploymentPostprocessing = 0;
		};
/* End PBXResourcesBuildPhase section */

/* Begin PBXShellScriptBuildPhase section */
		9E99ACFD92B9C45394FDC190 /* [CP] Embed Pods Frameworks */ = {
			isa = PBXShellScriptBuildPhase;
			buildActionMask = 2147483647;
			files = (
			);
			inputPaths = (
				"${SRCROOT}/Pods/Target Support Files/Pods-TSReqKitDemo/Pods-TSReqKitDemo-frameworks.sh",
				"${BUILT_PRODUCTS_DIR}/AFNetworking/AFNetworking.framework",
				"${BUILT_PRODUCTS_DIR}/MJExtension/MJExtension.framework",
				"${BUILT_PRODUCTS_DIR}/YYCache/YYCache.framework",
			);
			name = "[CP] Embed Pods Frameworks";
			outputPaths = (
				"${TARGET_BUILD_DIR}/${FRAMEWORKS_FOLDER_PATH}/AFNetworking.framework",
				"${TARGET_BUILD_DIR}/${FRAMEWORKS_FOLDER_PATH}/MJExtension.framework",
				"${TARGET_BUILD_DIR}/${FRAMEWORKS_FOLDER_PATH}/YYCache.framework",
			);
			runOnlyForDeploymentPostprocessing = 0;
			shellPath = /bin/sh;
			shellScript = "\"${SRCROOT}/Pods/Target Support Files/Pods-TSReqKitDemo/Pods-TSReqKitDemo-frameworks.sh\"\n";
			showEnvVarsInLog = 0;
		};
		B25F97F201891B6CCE2ABF6D /* [CP] Copy Pods Resources */ = {
			isa = PBXShellScriptBuildPhase;
			buildActionMask = 2147483647;
			files = (
			);
			inputPaths = (
			);
			name = "[CP] Copy Pods Resources";
			outputPaths = (
			);
			runOnlyForDeploymentPostprocessing = 0;
			shellPath = /bin/sh;
			shellScript = "\"${SRCROOT}/Pods/Target Support Files/Pods-TSReqKitDemo/Pods-TSReqKitDemo-resources.sh\"\n";
			showEnvVarsInLog = 0;
		};
		B634A3F925F84A310FC58683 /* [CP] Check Pods Manifest.lock */ = {
			isa = PBXShellScriptBuildPhase;
			buildActionMask = 2147483647;
			files = (
			);
			inputPaths = (
				"${PODS_PODFILE_DIR_PATH}/Podfile.lock",
				"${PODS_ROOT}/Manifest.lock",
			);
			name = "[CP] Check Pods Manifest.lock";
			outputPaths = (
				"$(DERIVED_FILE_DIR)/Pods-TSReqKitDemo-checkManifestLockResult.txt",
			);
			runOnlyForDeploymentPostprocessing = 0;
			shellPath = /bin/sh;
			shellScript = "diff \"${PODS_PODFILE_DIR_PATH}/Podfile.lock\" \"${PODS_ROOT}/Manifest.lock\" > /dev/null\nif [ $? != 0 ] ; then\n    # print error to STDERR\n    echo \"error: The sandbox is not in sync with the Podfile.lock. Run 'pod install' or update your CocoaPods installation.\" >&2\n    exit 1\nfi\n# This output is used by Xcode 'outputs' to avoid re-running this script phase.\necho \"SUCCESS\" > \"${SCRIPT_OUTPUT_FILE_0}\"\n";
			showEnvVarsInLog = 0;
		};
/* End PBXShellScriptBuildPhase section */

/* Begin PBXSourcesBuildPhase section */
		6C0709FC20CFB3B3002A85EB /* Sources */ = {
			isa = PBXSourcesBuildPhase;
			buildActionMask = 2147483647;
			files = (
				6C6FC06220CFF6BA00CC9E91 /* TSUserManager.m in Sources */,
				6CE4E88E20FC389500901F47 /* TSCacheUtil.m in Sources */,
				6C070A7820CFB6C9002A85EB /* URLSessionManager.m in Sources */,
				6C070A0820CFB3B3002A85EB /* ViewController.m in Sources */,
				6C070A8420CFCDEE002A85EB /* LoginParam.m in Sources */,
				6C070A8F20CFCF79002A85EB /* AccountBean.m in Sources */,
				6C070A9220CFD020002A85EB /* AccountManager.m in Sources */,
				6C070A8120CFC996002A85EB /* TSBaseResp.m in Sources */,
				6C070A1320CFB3B3002A85EB /* main.m in Sources */,
				6C6FC06820CFFAAE00CC9E91 /* RegParam.m in Sources */,
				6C6FC06520CFF74600CC9E91 /* UserParam.m in Sources */,
				6C6FC05F20CFF4BE00CC9E91 /* LogoutParam.m in Sources */,
				6C4E937D20FDED2600B0BCBE /* UploadUtil.m in Sources */,
				6C070A8720CFCE72002A85EB /* LoginManager.m in Sources */,
				6C070A7D20CFC60F002A85EB /* TSBaseParam.m in Sources */,
				6C070A0520CFB3B3002A85EB /* AppDelegate.m in Sources */,
				6C070A8C20CFCF69002A85EB /* TSUserBean.m in Sources */,
			);
			runOnlyForDeploymentPostprocessing = 0;
		};
		6C070A1420CFB3B3002A85EB /* Sources */ = {
			isa = PBXSourcesBuildPhase;
			buildActionMask = 2147483647;
			files = (
				6C070A1D20CFB3B3002A85EB /* TSReqKitDemoTests.m in Sources */,
			);
			runOnlyForDeploymentPostprocessing = 0;
		};
		6C070A1F20CFB3B3002A85EB /* Sources */ = {
			isa = PBXSourcesBuildPhase;
			buildActionMask = 2147483647;
			files = (
				6C070A2820CFB3B3002A85EB /* TSReqKitDemoUITests.m in Sources */,
			);
			runOnlyForDeploymentPostprocessing = 0;
		};
/* End PBXSourcesBuildPhase section */

/* Begin PBXTargetDependency section */
		6C070A1A20CFB3B3002A85EB /* PBXTargetDependency */ = {
			isa = PBXTargetDependency;
			target = 6C0709FF20CFB3B3002A85EB /* TSReqKitDemo */;
			targetProxy = 6C070A1920CFB3B3002A85EB /* PBXContainerItemProxy */;
		};
		6C070A2520CFB3B3002A85EB /* PBXTargetDependency */ = {
			isa = PBXTargetDependency;
			target = 6C0709FF20CFB3B3002A85EB /* TSReqKitDemo */;
			targetProxy = 6C070A2420CFB3B3002A85EB /* PBXContainerItemProxy */;
		};
/* End PBXTargetDependency section */

/* Begin PBXVariantGroup section */
		6C070A0920CFB3B3002A85EB /* Main.storyboard */ = {
			isa = PBXVariantGroup;
			children = (
				6C070A0A20CFB3B3002A85EB /* Base */,
			);
			name = Main.storyboard;
			sourceTree = "<group>";
		};
		6C070A0E20CFB3B3002A85EB /* LaunchScreen.storyboard */ = {
			isa = PBXVariantGroup;
			children = (
				6C070A0F20CFB3B3002A85EB /* Base */,
			);
			name = LaunchScreen.storyboard;
			sourceTree = "<group>";
		};
/* End PBXVariantGroup section */

/* Begin XCBuildConfiguration section */
		6C070A2A20CFB3B3002A85EB /* Debug */ = {
			isa = XCBuildConfiguration;
			buildSettings = {
				ALWAYS_SEARCH_USER_PATHS = NO;
				CLANG_ANALYZER_NONNULL = YES;
				CLANG_ANALYZER_NUMBER_OBJECT_CONVERSION = YES_AGGRESSIVE;
				CLANG_CXX_LANGUAGE_STANDARD = "gnu++14";
				CLANG_CXX_LIBRARY = "libc++";
				CLANG_ENABLE_MODULES = YES;
				CLANG_ENABLE_OBJC_ARC = YES;
				CLANG_WARN_BLOCK_CAPTURE_AUTORELEASING = YES;
				CLANG_WARN_BOOL_CONVERSION = YES;
				CLANG_WARN_COMMA = YES;
				CLANG_WARN_CONSTANT_CONVERSION = YES;
				CLANG_WARN_DIRECT_OBJC_ISA_USAGE = YES_ERROR;
				CLANG_WARN_DOCUMENTATION_COMMENTS = YES;
				CLANG_WARN_EMPTY_BODY = YES;
				CLANG_WARN_ENUM_CONVERSION = YES;
				CLANG_WARN_INFINITE_RECURSION = YES;
				CLANG_WARN_INT_CONVERSION = YES;
				CLANG_WARN_NON_LITERAL_NULL_CONVERSION = YES;
				CLANG_WARN_OBJC_LITERAL_CONVERSION = YES;
				CLANG_WARN_OBJC_ROOT_CLASS = YES_ERROR;
				CLANG_WARN_RANGE_LOOP_ANALYSIS = YES;
				CLANG_WARN_STRICT_PROTOTYPES = YES;
				CLANG_WARN_SUSPICIOUS_MOVE = YES;
				CLANG_WARN_UNGUARDED_AVAILABILITY = YES_AGGRESSIVE;
				CLANG_WARN_UNREACHABLE_CODE = YES;
				CLANG_WARN__DUPLICATE_METHOD_MATCH = YES;
				CODE_SIGN_IDENTITY = "iPhone Developer";
				COPY_PHASE_STRIP = NO;
				DEBUG_INFORMATION_FORMAT = dwarf;
				ENABLE_STRICT_OBJC_MSGSEND = YES;
				ENABLE_TESTABILITY = YES;
				GCC_C_LANGUAGE_STANDARD = gnu11;
				GCC_DYNAMIC_NO_PIC = NO;
				GCC_NO_COMMON_BLOCKS = YES;
				GCC_OPTIMIZATION_LEVEL = 0;
				GCC_PREPROCESSOR_DEFINITIONS = (
					"DEBUG=1",
					"$(inherited)",
				);
				GCC_WARN_64_TO_32_BIT_CONVERSION = YES;
				GCC_WARN_ABOUT_RETURN_TYPE = YES_ERROR;
				GCC_WARN_UNDECLARED_SELECTOR = YES;
				GCC_WARN_UNINITIALIZED_AUTOS = YES_AGGRESSIVE;
				GCC_WARN_UNUSED_FUNCTION = YES;
				GCC_WARN_UNUSED_VARIABLE = YES;
				IPHONEOS_DEPLOYMENT_TARGET = 11.2;
				MTL_ENABLE_DEBUG_INFO = YES;
				ONLY_ACTIVE_ARCH = YES;
				SDKROOT = iphoneos;
			};
			name = Debug;
		};
		6C070A2B20CFB3B3002A85EB /* Release */ = {
			isa = XCBuildConfiguration;
			buildSettings = {
				ALWAYS_SEARCH_USER_PATHS = NO;
				CLANG_ANALYZER_NONNULL = YES;
				CLANG_ANALYZER_NUMBER_OBJECT_CONVERSION = YES_AGGRESSIVE;
				CLANG_CXX_LANGUAGE_STANDARD = "gnu++14";
				CLANG_CXX_LIBRARY = "libc++";
				CLANG_ENABLE_MODULES = YES;
				CLANG_ENABLE_OBJC_ARC = YES;
				CLANG_WARN_BLOCK_CAPTURE_AUTORELEASING = YES;
				CLANG_WARN_BOOL_CONVERSION = YES;
				CLANG_WARN_COMMA = YES;
				CLANG_WARN_CONSTANT_CONVERSION = YES;
				CLANG_WARN_DIRECT_OBJC_ISA_USAGE = YES_ERROR;
				CLANG_WARN_DOCUMENTATION_COMMENTS = YES;
				CLANG_WARN_EMPTY_BODY = YES;
				CLANG_WARN_ENUM_CONVERSION = YES;
				CLANG_WARN_INFINITE_RECURSION = YES;
				CLANG_WARN_INT_CONVERSION = YES;
				CLANG_WARN_NON_LITERAL_NULL_CONVERSION = YES;
				CLANG_WARN_OBJC_LITERAL_CONVERSION = YES;
				CLANG_WARN_OBJC_ROOT_CLASS = YES_ERROR;
				CLANG_WARN_RANGE_LOOP_ANALYSIS = YES;
				CLANG_WARN_STRICT_PROTOTYPES = YES;
				CLANG_WARN_SUSPICIOUS_MOVE = YES;
				CLANG_WARN_UNGUARDED_AVAILABILITY = YES_AGGRESSIVE;
				CLANG_WARN_UNREACHABLE_CODE = YES;
				CLANG_WARN__DUPLICATE_METHOD_MATCH = YES;
				CODE_SIGN_IDENTITY = "iPhone Developer";
				COPY_PHASE_STRIP = NO;
				DEBUG_INFORMATION_FORMAT = "dwarf-with-dsym";
				ENABLE_NS_ASSERTIONS = NO;
				ENABLE_STRICT_OBJC_MSGSEND = YES;
				GCC_C_LANGUAGE_STANDARD = gnu11;
				GCC_NO_COMMON_BLOCKS = YES;
				GCC_WARN_64_TO_32_BIT_CONVERSION = YES;
				GCC_WARN_ABOUT_RETURN_TYPE = YES_ERROR;
				GCC_WARN_UNDECLARED_SELECTOR = YES;
				GCC_WARN_UNINITIALIZED_AUTOS = YES_AGGRESSIVE;
				GCC_WARN_UNUSED_FUNCTION = YES;
				GCC_WARN_UNUSED_VARIABLE = YES;
				IPHONEOS_DEPLOYMENT_TARGET = 11.2;
				MTL_ENABLE_DEBUG_INFO = NO;
				SDKROOT = iphoneos;
				VALIDATE_PRODUCT = YES;
			};
			name = Release;
		};
		6C070A2D20CFB3B3002A85EB /* Debug */ = {
			isa = XCBuildConfiguration;
			baseConfigurationReference = BA87D20D57D044581111E36C /* Pods-TSReqKitDemo.debug.xcconfig */;
			buildSettings = {
				ASSETCATALOG_COMPILER_APPICON_NAME = AppIcon;
				CODE_SIGN_STYLE = Automatic;
				DEVELOPMENT_TEAM = G9TR9D33ZW;
				INFOPLIST_FILE = TSReqKitDemo/Info.plist;
				LD_RUNPATH_SEARCH_PATHS = "$(inherited) @executable_path/Frameworks";
				PRODUCT_BUNDLE_IDENTIFIER = com.harpbj.TSReqKitDemo;
				PRODUCT_NAME = "$(TARGET_NAME)";
				TARGETED_DEVICE_FAMILY = "1,2";
			};
			name = Debug;
		};
		6C070A2E20CFB3B3002A85EB /* Release */ = {
			isa = XCBuildConfiguration;
			baseConfigurationReference = 5D3BE3CCA1A7C2D5B1B5D26D /* Pods-TSReqKitDemo.release.xcconfig */;
			buildSettings = {
				ASSETCATALOG_COMPILER_APPICON_NAME = AppIcon;
				CODE_SIGN_STYLE = Automatic;
				DEVELOPMENT_TEAM = G9TR9D33ZW;
				INFOPLIST_FILE = TSReqKitDemo/Info.plist;
				LD_RUNPATH_SEARCH_PATHS = "$(inherited) @executable_path/Frameworks";
				PRODUCT_BUNDLE_IDENTIFIER = com.harpbj.TSReqKitDemo;
				PRODUCT_NAME = "$(TARGET_NAME)";
				TARGETED_DEVICE_FAMILY = "1,2";
			};
			name = Release;
		};
		6C070A3020CFB3B3002A85EB /* Debug */ = {
			isa = XCBuildConfiguration;
			buildSettings = {
				BUNDLE_LOADER = "$(TEST_HOST)";
				CODE_SIGN_STYLE = Automatic;
				DEVELOPMENT_TEAM = G9TR9D33ZW;
				INFOPLIST_FILE = TSReqKitDemoTests/Info.plist;
				LD_RUNPATH_SEARCH_PATHS = "$(inherited) @executable_path/Frameworks @loader_path/Frameworks";
				PRODUCT_BUNDLE_IDENTIFIER = com.harpbj.TSReqKitDemoTests;
				PRODUCT_NAME = "$(TARGET_NAME)";
				TARGETED_DEVICE_FAMILY = "1,2";
				TEST_HOST = "$(BUILT_PRODUCTS_DIR)/TSReqKitDemo.app/TSReqKitDemo";
			};
			name = Debug;
		};
		6C070A3120CFB3B3002A85EB /* Release */ = {
			isa = XCBuildConfiguration;
			buildSettings = {
				BUNDLE_LOADER = "$(TEST_HOST)";
				CODE_SIGN_STYLE = Automatic;
				DEVELOPMENT_TEAM = G9TR9D33ZW;
				INFOPLIST_FILE = TSReqKitDemoTests/Info.plist;
				LD_RUNPATH_SEARCH_PATHS = "$(inherited) @executable_path/Frameworks @loader_path/Frameworks";
				PRODUCT_BUNDLE_IDENTIFIER = com.harpbj.TSReqKitDemoTests;
				PRODUCT_NAME = "$(TARGET_NAME)";
				TARGETED_DEVICE_FAMILY = "1,2";
				TEST_HOST = "$(BUILT_PRODUCTS_DIR)/TSReqKitDemo.app/TSReqKitDemo";
			};
			name = Release;
		};
		6C070A3320CFB3B3002A85EB /* Debug */ = {
			isa = XCBuildConfiguration;
			buildSettings = {
				CODE_SIGN_STYLE = Automatic;
				DEVELOPMENT_TEAM = G9TR9D33ZW;
				INFOPLIST_FILE = TSReqKitDemoUITests/Info.plist;
				LD_RUNPATH_SEARCH_PATHS = "$(inherited) @executable_path/Frameworks @loader_path/Frameworks";
				PRODUCT_BUNDLE_IDENTIFIER = com.harpbj.TSReqKitDemoUITests;
				PRODUCT_NAME = "$(TARGET_NAME)";
				TARGETED_DEVICE_FAMILY = "1,2";
				TEST_TARGET_NAME = TSReqKitDemo;
			};
			name = Debug;
		};
		6C070A3420CFB3B3002A85EB /* Release */ = {
			isa = XCBuildConfiguration;
			buildSettings = {
				CODE_SIGN_STYLE = Automatic;
				DEVELOPMENT_TEAM = G9TR9D33ZW;
				INFOPLIST_FILE = TSReqKitDemoUITests/Info.plist;
				LD_RUNPATH_SEARCH_PATHS = "$(inherited) @executable_path/Frameworks @loader_path/Frameworks";
				PRODUCT_BUNDLE_IDENTIFIER = com.harpbj.TSReqKitDemoUITests;
				PRODUCT_NAME = "$(TARGET_NAME)";
				TARGETED_DEVICE_FAMILY = "1,2";
				TEST_TARGET_NAME = TSReqKitDemo;
			};
			name = Release;
		};
/* End XCBuildConfiguration section */

/* Begin XCConfigurationList section */
		6C0709FB20CFB3B3002A85EB /* Build configuration list for PBXProject "TSReqKitDemo" */ = {
			isa = XCConfigurationList;
			buildConfigurations = (
				6C070A2A20CFB3B3002A85EB /* Debug */,
				6C070A2B20CFB3B3002A85EB /* Release */,
			);
			defaultConfigurationIsVisible = 0;
			defaultConfigurationName = Release;
		};
		6C070A2C20CFB3B3002A85EB /* Build configuration list for PBXNativeTarget "TSReqKitDemo" */ = {
			isa = XCConfigurationList;
			buildConfigurations = (
				6C070A2D20CFB3B3002A85EB /* Debug */,
				6C070A2E20CFB3B3002A85EB /* Release */,
			);
			defaultConfigurationIsVisible = 0;
			defaultConfigurationName = Release;
		};
		6C070A2F20CFB3B3002A85EB /* Build configuration list for PBXNativeTarget "TSReqKitDemoTests" */ = {
			isa = XCConfigurationList;
			buildConfigurations = (
				6C070A3020CFB3B3002A85EB /* Debug */,
				6C070A3120CFB3B3002A85EB /* Release */,
			);
			defaultConfigurationIsVisible = 0;
			defaultConfigurationName = Release;
		};
		6C070A3220CFB3B3002A85EB /* Build configuration list for PBXNativeTarget "TSReqKitDemoUITests" */ = {
			isa = XCConfigurationList;
			buildConfigurations = (
				6C070A3320CFB3B3002A85EB /* Debug */,
				6C070A3420CFB3B3002A85EB /* Release */,
			);
			defaultConfigurationIsVisible = 0;
			defaultConfigurationName = Release;
		};
/* End XCConfigurationList section */
	};
	rootObject = 6C0709F820CFB3B3002A85EB /* Project object */;
}
